
Microsoft Visual Studio Solution File, Format Version 12.00
# Visual Studio Version 16
VisualStudioVersion = 16.0.28803.352
MinimumVisualStudioVersion = 10.0.40219.1
Project("{FAE04EC0-301F-11D3-BF4B-00C04F79EFBC}") = "Hello", "Hello\Hello.csproj", "{6F8013B9-2ED8-4685-B072-58572745D849}"
EndProject
Project("{FAE04EC0-301F-11D3-BF4B-00C04F79EFBC}") = "StudentDiary", "StudentDiary\StudentDiary.csproj", "{D08C9498-2A99-449C-A453-500DE5DC3FBF}"
EndProject
Project("{FAE04EC0-301F-11D3-BF4B-00C04F79EFBC}") = "Constructors", "Constructors\Constructors.csproj", "{7975B719-654C-44A4-96BE-443311C6CFDF}"
EndProject
Project("{FAE04EC0-301F-11D3-BF4B-00C04F79EFBC}") = "Odc10", "Odc10\Odc10.csproj", "{7D75BF4F-1364-4C5B-8313-8555BC599320}"
EndProject
Project("{FAE04EC0-301F-11D3-BF4B-00C04F79EFBC}") = "Zadania", "Zadania\Zadania.csproj", "{B03738AA-3C51-45A2-A6CB-82D576798E60}"
EndProject
Project("{FAE04EC0-301F-11D3-BF4B-00C04F79EFBC}") = "ZaDuzoZaMalo", "ZaDuzoZaMalo\ZaDuzoZaMalo.csproj", "{C0B04716-A53C-45A8-B385-A7E7F5857BCE}"
EndProject
Project("{FAE04EC0-301F-11D3-BF4B-00C04F79EFBC}") = "TrzecieZadanie", "TrzecieZadanie\TrzecieZadanie.csproj", "{BE7D0A97-3549-442F-A331-E5DF81F063B6}"
EndProject
Global
	GlobalSection(SolutionConfigurationPlatforms) = preSolution
		Debug|Any CPU = Debug|Any CPU
		Release|Any CPU = Release|Any CPU
	EndGlobalSection
	GlobalSection(ProjectConfigurationPlatforms) = postSolution
		{6F8013B9-2ED8-4685-B072-58572745D849}.Debug|Any CPU.ActiveCfg = Debug|Any CPU
		{6F8013B9-2ED8-4685-B072-58572745D849}.Debug|Any CPU.Build.0 = Debug|Any CPU
		{6F8013B9-2ED8-4685-B072-58572745D849}.Release|Any CPU.ActiveCfg = Release|Any CPU
		{6F8013B9-2ED8-4685-B072-58572745D849}.Release|Any CPU.Build.0 = Release|Any CPU
		{D08C9498-2A99-449C-A453-500DE5DC3FBF}.Debug|Any CPU.ActiveCfg = Debug|Any CPU
		{D08C9498-2A99-449C-A453-500DE5DC3FBF}.Debug|Any CPU.Build.0 = Debug|Any CPU
		{D08C9498-2A99-449C-A453-500DE5DC3FBF}.Release|Any CPU.ActiveCfg = Release|Any CPU
		{D08C9498-2A99-449C-A453-500DE5DC3FBF}.Release|Any CPU.Build.0 = Release|Any CPU
		{7975B719-654C-44A4-96BE-443311C6CFDF}.Debug|Any CPU.ActiveCfg = Debug|Any CPU
		{7975B719-654C-44A4-96BE-443311C6CFDF}.Debug|Any CPU.Build.0 = Debug|Any CPU
		{7975B719-654C-44A4-96BE-443311C6CFDF}.Release|Any CPU.ActiveCfg = Release|Any CPU
		{7975B719-654C-44A4-96BE-443311C6CFDF}.Release|Any CPU.Build.0 = Release|Any CPU
		{7D75BF4F-1364-4C5B-8313-8555BC599320}.Debug|Any CPU.ActiveCfg = Debug|Any CPU
		{7D75BF4F-1364-4C5B-8313-8555BC599320}.Debug|Any CPU.Build.0 = Debug|Any CPU
		{7D75BF4F-1364-4C5B-8313-8555BC599320}.Release|Any CPU.ActiveCfg = Release|Any CPU
		{7D75BF4F-1364-4C5B-8313-8555BC599320}.Release|Any CPU.Build.0 = Release|Any CPU
		{B03738AA-3C51-45A2-A6CB-82D576798E60}.Debug|Any CPU.ActiveCfg = Debug|Any CPU
		{B03738AA-3C51-45A2-A6CB-82D576798E60}.Debug|Any CPU.Build.0 = Debug|Any CPU
		{B03738AA-3C51-45A2-A6CB-82D576798E60}.Release|Any CPU.ActiveCfg = Release|Any CPU
		{B03738AA-3C51-45A2-A6CB-82D576798E60}.Release|Any CPU.Build.0 = Release|Any CPU
		{C0B04716-A53C-45A8-B385-A7E7F5857BCE}.Debug|Any CPU.ActiveCfg = Debug|Any CPU
		{C0B04716-A53C-45A8-B385-A7E7F5857BCE}.Debug|Any CPU.Build.0 = Debug|Any CPU
		{C0B04716-A53C-45A8-B385-A7E7F5857BCE}.Release|Any CPU.ActiveCfg = Release|Any CPU
		{C0B04716-A53C-45A8-B385-A7E7F5857BCE}.Release|Any CPU.Build.0 = Release|Any CPU
		{BE7D0A97-3549-442F-A331-E5DF81F063B6}.Debug|Any CPU.ActiveCfg = Debug|Any CPU
		{BE7D0A97-3549-442F-A331-E5DF81F063B6}.Debug|Any CPU.Build.0 = Debug|Any CPU
		{BE7D0A97-3549-442F-A331-E5DF81F063B6}.Release|Any CPU.ActiveCfg = Release|Any CPU
		{BE7D0A97-3549-442F-A331-E5DF81F063B6}.Release|Any CPU.Build.0 = Release|Any CPU
	EndGlobalSection
	GlobalSection(SolutionProperties) = preSolution
		HideSolutionNode = FALSE
	EndGlobalSection
	GlobalSection(ExtensibilityGlobals) = postSolution
		SolutionGuid = {6F9B2339-80F3-43C5-82DC-AC0E73E2CBA8}
	EndGlobalSection
EndGlobal
